
Microsoft Visual Studio Solution File, Format Version 12.00
# Visual Studio Version 17
VisualStudioVersion = 17.4.33213.308
MinimumVisualStudioVersion = 10.0.40219.1
Project("{FAE04EC0-301F-11D3-BF4B-00C04F79EFBC}") = "pr3", "pr3\pr3.csproj", "{1C5618F5-CABC-46FF-844A-2EEFFADAFDB7}"
EndProject
Global
	GlobalSection(SolutionConfigurationPlatforms) = preSolution
		Debug|Any CPU = Debug|Any CPU
		Release|Any CPU = Release|Any CPU
	EndGlobalSection
	GlobalSection(ProjectConfigurationPlatforms) = postSolution
		{1C5618F5-CABC-46FF-844A-2EEFFADAFDB7}.Debug|Any CPU.ActiveCfg = Debug|Any CPU
		{1C5618F5-CABC-46FF-844A-2EEFFADAFDB7}.Debug|Any CPU.Build.0 = Debug|Any CPU
		{1C5618F5-CABC-46FF-844A-2EEFFADAFDB7}.Release|Any CPU.ActiveCfg = Release|Any CPU
		{1C5618F5-CABC-46FF-844A-2EEFFADAFDB7}.Release|Any CPU.Build.0 = Release|Any CPU
	EndGlobalSection
	GlobalSection(SolutionProperties) = preSolution
		HideSolutionNode = FALSE
	EndGlobalSection
	GlobalSection(ExtensibilityGlobals) = postSolution
		SolutionGuid = {7D1F9850-BBEE-4486-BB37-9A4771833AE6}
	EndGlobalSection
EndGlobal
